<Solution>
  <Project Path="Matchmaking.Api/Matchmaking.Api.csproj" />
  <Project Path="Matchmaking.Worker/Matchmaking.Worker.csproj" />
  <Project Path="MatchmakingTest.AppHost/MatchmakingTest.AppHost.csproj" />
  <Project Path="MatchmakingTest.Data/MatchmakingTest.Data.csproj" Id="e8a8dd8d-534f-4964-82a1-ee2f4f820e87" />
  <Project Path="MatchmakingTest.ServiceDefaults/MatchmakingTest.ServiceDefaults.csproj" />
  <Project Path="MatchmakingTest.Services/MatchmakingTest.Services.csproj" Id="990c4ef2-9ab3-49d0-bafe-624eb589081a" />
  <Project Path="MatchMakingTest/MatchMakingTest.csproj" />
</Solution>
