<Solution>
  <Project Path="../../../../../../source/repos/MatchmakingTest/Matchmaking.Api/Matchmaking.Api.csproj" />
  <Project Path="../../../../../../source/repos/MatchmakingTest/Matchmaking.Worker/Matchmaking.Worker.csproj" />
  <Project Path="../../../../../../source/repos/MatchmakingTest/MatchmakingTest.AppHost/MatchmakingTest.AppHost.csproj" />
  <Project Path="../../../../../../source/repos/MatchmakingTest/MatchmakingTest.Data/MatchmakingTest.Data.csproj" Id="67d28def-8266-4cb0-a7eb-cad0011c5633" />
  <Project Path="../../../../../../source/repos/MatchmakingTest/MatchmakingTest.ServiceDefaults/MatchmakingTest.ServiceDefaults.csproj" />
  <Project Path="../../../../../../source/repos/MatchmakingTest/MatchmakingTest.Services/MatchmakingTest.Services.csproj" Id="48c2309c-e0d9-4b2a-953d-f39c79b55ebc" />
  <Project Path="../../../../../../source/repos/MatchmakingTest/MatchMakingTest/MatchMakingTest.csproj" />
</Solution>
